// !$*UTF8*$!
{
	archiveVersion = 1;
	classes = {
	};
	objectVersion = 56;
	objects = {

/* Begin PBXBuildFile section */
		B270A12228E02CD6001614C3 /* AppDelegate.swift in Sources */ = {isa = PBXBuildFile; fileRef = B270A12128E02CD6001614C3 /* AppDelegate.swift */; };
		B270A12428E02CD6001614C3 /* SceneDelegate.swift in Sources */ = {isa = PBXBuildFile; fileRef = B270A12328E02CD6001614C3 /* SceneDelegate.swift */; };
		B270A12628E02CD6001614C3 /* ViewController.swift in Sources */ = {isa = PBXBuildFile; fileRef = B270A12528E02CD6001614C3 /* ViewController.swift */; };
		B270A12928E02CD6001614C3 /* Main.storyboard in Resources */ = {isa = PBXBuildFile; fileRef = B270A12728E02CD6001614C3 /* Main.storyboard */; };
		B270A12B28E02CD8001614C3 /* Assets.xcassets in Resources */ = {isa = PBXBuildFile; fileRef = B270A12A28E02CD8001614C3 /* Assets.xcassets */; };
		B270A12E28E02CD8001614C3 /* LaunchScreen.storyboard in Resources */ = {isa = PBXBuildFile; fileRef = B270A12C28E02CD8001614C3 /* LaunchScreen.storyboard */; };
		B270A13928E02CD8001614C3 /* StoryboardTests.swift in Sources */ = {isa = PBXBuildFile; fileRef = B270A13828E02CD8001614C3 /* StoryboardTests.swift */; };
		B270A14328E02CD8001614C3 /* StoryboardUITests.swift in Sources */ = {isa = PBXBuildFile; fileRef = B270A14228E02CD8001614C3 /* StoryboardUITests.swift */; };
		B270A14528E02CD8001614C3 /* StoryboardUITestsLaunchTests.swift in Sources */ = {isa = PBXBuildFile; fileRef = B270A14428E02CD8001614C3 /* StoryboardUITestsLaunchTests.swift */; };
/* End PBXBuildFile section */

/* Begin PBXContainerItemProxy section */
		B270A13528E02CD8001614C3 /* PBXContainerItemProxy */ = {
			isa = PBXContainerItemProxy;
			containerPortal = B270A11628E02CD6001614C3 /* Project object */;
			proxyType = 1;
			remoteGlobalIDString = B270A11D28E02CD6001614C3;
			remoteInfo = Storyboard;
		};
		B270A13F28E02CD8001614C3 /* PBXContainerItemProxy */ = {
			isa = PBXContainerItemProxy;
			containerPortal = B270A11628E02CD6001614C3 /* Project object */;
			proxyType = 1;
			remoteGlobalIDString = B270A11D28E02CD6001614C3;
			remoteInfo = Storyboard;
		};
/* End PBXContainerItemProxy section */

/* Begin PBXFileReference section */
		B270A11E28E02CD6001614C3 /* Storyboard.app */ = {isa = PBXFileReference; explicitFileType = wrapper.application; includeInIndex = 0; path = Storyboard.app; sourceTree = BUILT_PRODUCTS_DIR; };
		B270A12128E02CD6001614C3 /* AppDelegate.swift */ = {isa = PBXFileReference; lastKnownFileType = sourcecode.swift; path = AppDelegate.swift; sourceTree = "<group>"; };
		B270A12328E02CD6001614C3 /* SceneDelegate.swift */ = {isa = PBXFileReference; lastKnownFileType = sourcecode.swift; path = SceneDelegate.swift; sourceTree = "<group>"; };
		B270A12528E02CD6001614C3 /* ViewController.swift */ = {isa = PBXFileReference; lastKnownFileType = sourcecode.swift; path = ViewController.swift; sourceTree = "<group>"; };
		B270A12828E02CD6001614C3 /* Base */ = {isa = PBXFileReference; lastKnownFileType = file.storyboard; name = Base; path = Base.lproj/Main.storyboard; sourceTree = "<group>"; };
		B270A12A28E02CD8001614C3 /* Assets.xcassets */ = {isa = PBXFileReference; lastKnownFileType = folder.assetcatalog; path = Assets.xcassets; sourceTree = "<group>"; };
		B270A12D28E02CD8001614C3 /* Base */ = {isa = PBXFileReference; lastKnownFileType = file.storyboard; name = Base; path = Base.lproj/LaunchScreen.storyboard; sourceTree = "<group>"; };
		B270A12F28E02CD8001614C3 /* Info.plist */ = {isa = PBXFileReference; lastKnownFileType = text.plist.xml; path = Info.plist; sourceTree = "<group>"; };
		B270A13428E02CD8001614C3 /* StoryboardTests.xctest */ = {isa = PBXFileReference; explicitFileType = wrapper.cfbundle; includeInIndex = 0; path = StoryboardTests.xctest; sourceTree = BUILT_PRODUCTS_DIR; };
		B270A13828E02CD8001614C3 /* StoryboardTests.swift */ = {isa = PBXFileReference; lastKnownFileType = sourcecode.swift; path = StoryboardTests.swift; sourceTree = "<group>"; };
		B270A13E28E02CD8001614C3 /* StoryboardUITests.xctest */ = {isa = PBXFileReference; explicitFileType = wrapper.cfbundle; includeInIndex = 0; path = StoryboardUITests.xctest; sourceTree = BUILT_PRODUCTS_DIR; };
		B270A14228E02CD8001614C3 /* StoryboardUITests.swift */ = {isa = PBXFileReference; lastKnownFileType = sourcecode.swift; path = StoryboardUITests.swift; sourceTree = "<group>"; };
		B270A14428E02CD8001614C3 /* StoryboardUITestsLaunchTests.swift */ = {isa = PBXFileReference; lastKnownFileType = sourcecode.swift; path = StoryboardUITestsLaunchTests.swift; sourceTree = "<group>"; };
/* End PBXFileReference section */

/* Begin PBXFrameworksBuildPhase section */
		B270A11B28E02CD6001614C3 /* Frameworks */ = {
			isa = PBXFrameworksBuildPhase;
			buildActionMask = 2147483647;
			files = (
			);
			runOnlyForDeploymentPostprocessing = 0;
		};
		B270A13128E02CD8001614C3 /* Frameworks */ = {
			isa = PBXFrameworksBuildPhase;
			buildActionMask = 2147483647;
			files = (
			);
			runOnlyForDeploymentPostprocessing = 0;
		};
		B270A13B28E02CD8001614C3 /* Frameworks */ = {
			isa = PBXFrameworksBuildPhase;
			buildActionMask = 2147483647;
			files = (
			);
			runOnlyForDeploymentPostprocessing = 0;
		};
/* End PBXFrameworksBuildPhase section */

/* Begin PBXGroup section */
		B270A11528E02CD6001614C3 = {
			isa = PBXGroup;
			children = (
				B270A12028E02CD6001614C3 /* Storyboard */,
				B270A13728E02CD8001614C3 /* StoryboardTests */,
				B270A14128E02CD8001614C3 /* StoryboardUITests */,
				B270A11F28E02CD6001614C3 /* Products */,
			);
			sourceTree = "<group>";
		};
		B270A11F28E02CD6001614C3 /* Products */ = {
			isa = PBXGroup;
			children = (
				B270A11E28E02CD6001614C3 /* Storyboard.app */,
				B270A13428E02CD8001614C3 /* StoryboardTests.xctest */,
				B270A13E28E02CD8001614C3 /* StoryboardUITests.xctest */,
			);
			name = Products;
			sourceTree = "<group>";
		};
		B270A12028E02CD6001614C3 /* Storyboard */ = {
			isa = PBXGroup;
			children = (
				B270A12128E02CD6001614C3 /* AppDelegate.swift */,
				B270A12328E02CD6001614C3 /* SceneDelegate.swift */,
				B270A12528E02CD6001614C3 /* ViewController.swift */,
				B270A12728E02CD6001614C3 /* Main.storyboard */,
				B270A12A28E02CD8001614C3 /* Assets.xcassets */,
				B270A12C28E02CD8001614C3 /* LaunchScreen.storyboard */,
				B270A12F28E02CD8001614C3 /* Info.plist */,
			);
			path = Storyboard;
			sourceTree = "<group>";
		};
		B270A13728E02CD8001614C3 /* StoryboardTests */ = {
			isa = PBXGroup;
			children = (
				B270A13828E02CD8001614C3 /* StoryboardTests.swift */,
			);
			path = StoryboardTests;
			sourceTree = "<group>";
		};
		B270A14128E02CD8001614C3 /* StoryboardUITests */ = {
			isa = PBXGroup;
			children = (
				B270A14228E02CD8001614C3 /* StoryboardUITests.swift */,
				B270A14428E02CD8001614C3 /* StoryboardUITestsLaunchTests.swift */,
			);
			path = StoryboardUITests;
			sourceTree = "<group>";
		};
/* End PBXGroup section */

/* Begin PBXNativeTarget section */
		B270A11D28E02CD6001614C3 /* Storyboard */ = {
			isa = PBXNativeTarget;
			buildConfigurationList = B270A14828E02CD8001614C3 /* Build configuration list for PBXNativeTarget "Storyboard" */;
			buildPhases = (
				B270A11A28E02CD6001614C3 /* Sources */,
				B270A11B28E02CD6001614C3 /* Frameworks */,
				B270A11C28E02CD6001614C3 /* Resources */,
			);
			buildRules = (
			);
			dependencies = (
			);
			name = Storyboard;
			productName = Storyboard;
			productReference = B270A11E28E02CD6001614C3 /* Storyboard.app */;
			productType = "com.apple.product-type.application";
		};
		B270A13328E02CD8001614C3 /* StoryboardTests */ = {
			isa = PBXNativeTarget;
			buildConfigurationList = B270A14B28E02CD8001614C3 /* Build configuration list for PBXNativeTarget "StoryboardTests" */;
			buildPhases = (
				B270A13028E02CD8001614C3 /* Sources */,
				B270A13128E02CD8001614C3 /* Frameworks */,
				B270A13228E02CD8001614C3 /* Resources */,
			);
			buildRules = (
			);
			dependencies = (
				B270A13628E02CD8001614C3 /* PBXTargetDependency */,
			);
			name = StoryboardTests;
			productName = StoryboardTests;
			productReference = B270A13428E02CD8001614C3 /* StoryboardTests.xctest */;
			productType = "com.apple.product-type.bundle.unit-test";
		};
		B270A13D28E02CD8001614C3 /* StoryboardUITests */ = {
			isa = PBXNativeTarget;
			buildConfigurationList = B270A14E28E02CD8001614C3 /* Build configuration list for PBXNativeTarget "StoryboardUITests" */;
			buildPhases = (
				B270A13A28E02CD8001614C3 /* Sources */,
				B270A13B28E02CD8001614C3 /* Frameworks */,
				B270A13C28E02CD8001614C3 /* Resources */,
			);
			buildRules = (
			);
			dependencies = (
				B270A14028E02CD8001614C3 /* PBXTargetDependency */,
			);
			name = StoryboardUITests;
			productName = StoryboardUITests;
			productReference = B270A13E28E02CD8001614C3 /* StoryboardUITests.xctest */;
			productType = "com.apple.product-type.bundle.ui-testing";
		};
/* End PBXNativeTarget section */

/* Begin PBXProject section */
		B270A11628E02CD6001614C3 /* Project object */ = {
			isa = PBXProject;
			attributes = {
				BuildIndependentTargetsInParallel = 1;
				LastSwiftUpdateCheck = 1400;
				LastUpgradeCheck = 1400;
				TargetAttributes = {
					B270A11D28E02CD6001614C3 = {
						CreatedOnToolsVersion = 14.0;
					};
					B270A13328E02CD8001614C3 = {
						CreatedOnToolsVersion = 14.0;
						TestTargetID = B270A11D28E02CD6001614C3;
					};
					B270A13D28E02CD8001614C3 = {
						CreatedOnToolsVersion = 14.0;
						TestTargetID = B270A11D28E02CD6001614C3;
					};
				};
			};
			buildConfigurationList = B270A11928E02CD6001614C3 /* Build configuration list for PBXProject "Storyboard" */;
			compatibilityVersion = "Xcode 14.0";
			developmentRegion = en;
			hasScannedForEncodings = 0;
			knownRegions = (
				en,
				Base,
			);
			mainGroup = B270A11528E02CD6001614C3;
			productRefGroup = B270A11F28E02CD6001614C3 /* Products */;
			projectDirPath = "";
			projectRoot = "";
			targets = (
				B270A11D28E02CD6001614C3 /* Storyboard */,
				B270A13328E02CD8001614C3 /* StoryboardTests */,
				B270A13D28E02CD8001614C3 /* StoryboardUITests */,
			);
		};
/* End PBXProject section */

/* Begin PBXResourcesBuildPhase section */
		B270A11C28E02CD6001614C3 /* Resources */ = {
			isa = PBXResourcesBuildPhase;
			buildActionMask = 2147483647;
			files = (
				B270A12E28E02CD8001614C3 /* LaunchScreen.storyboard in Resources */,
				B270A12B28E02CD8001614C3 /* Assets.xcassets in Resources */,
				B270A12928E02CD6001614C3 /* Main.storyboard in Resources */,
			);
			runOnlyForDeploymentPostprocessing = 0;
		};
		B270A13228E02CD8001614C3 /* Resources */ = {
			isa = PBXResourcesBuildPhase;
			buildActionMask = 2147483647;
			files = (
			);
			runOnlyForDeploymentPostprocessing = 0;
		};
		B270A13C28E02CD8001614C3 /* Resources */ = {
			isa = PBXResourcesBuildPhase;
			buildActionMask = 2147483647;
			files = (
			);
			runOnlyForDeploymentPostprocessing = 0;
		};
/* End PBXResourcesBuildPhase section */

/* Begin PBXSourcesBuildPhase section */
		B270A11A28E02CD6001614C3 /* Sources */ = {
			isa = PBXSourcesBuildPhase;
			buildActionMask = 2147483647;
			files = (
				B270A12628E02CD6001614C3 /* ViewController.swift in Sources */,
				B270A12228E02CD6001614C3 /* AppDelegate.swift in Sources */,
				B270A12428E02CD6001614C3 /* SceneDelegate.swift in Sources */,
			);
			runOnlyForDeploymentPostprocessing = 0;
		};
		B270A13028E02CD8001614C3 /* Sources */ = {
			isa = PBXSourcesBuildPhase;
			buildActionMask = 2147483647;
			files = (
				B270A13928E02CD8001614C3 /* StoryboardTests.swift in Sources */,
			);
			runOnlyForDeploymentPostprocessing = 0;
		};
		B270A13A28E02CD8001614C3 /* Sources */ = {
			isa = PBXSourcesBuildPhase;
			buildActionMask = 2147483647;
			files = (
				B270A14328E02CD8001614C3 /* StoryboardUITests.swift in Sources */,
				B270A14528E02CD8001614C3 /* StoryboardUITestsLaunchTests.swift in Sources */,
			);
			runOnlyForDeploymentPostprocessing = 0;
		};
/* End PBXSourcesBuildPhase section */

/* Begin PBXTargetDependency section */
		B270A13628E02CD8001614C3 /* PBXTargetDependency */ = {
			isa = PBXTargetDependency;
			target = B270A11D28E02CD6001614C3 /* Storyboard */;
			targetProxy = B270A13528E02CD8001614C3 /* PBXContainerItemProxy */;
		};
		B270A14028E02CD8001614C3 /* PBXTargetDependency */ = {
			isa = PBXTargetDependency;
			target = B270A11D28E02CD6001614C3 /* Storyboard */;
			targetProxy = B270A13F28E02CD8001614C3 /* PBXContainerItemProxy */;
		};
/* End PBXTargetDependency section */

/* Begin PBXVariantGroup section */
		B270A12728E02CD6001614C3 /* Main.storyboard */ = {
			isa = PBXVariantGroup;
			children = (
				B270A12828E02CD6001614C3 /* Base */,
			);
			name = Main.storyboard;
			sourceTree = "<group>";
		};
		B270A12C28E02CD8001614C3 /* LaunchScreen.storyboard */ = {
			isa = PBXVariantGroup;
			children = (
				B270A12D28E02CD8001614C3 /* Base */,
			);
			name = LaunchScreen.storyboard;
			sourceTree = "<group>";
		};
/* End PBXVariantGroup section */

/* Begin XCBuildConfiguration section */
		B270A14628E02CD8001614C3 /* Debug */ = {
			isa = XCBuildConfiguration;
			buildSettings = {
				ALWAYS_SEARCH_USER_PATHS = NO;
				CLANG_ANALYZER_NONNULL = YES;
				CLANG_ANALYZER_NUMBER_OBJECT_CONVERSION = YES_AGGRESSIVE;
				CLANG_CXX_LANGUAGE_STANDARD = "gnu++20";
				CLANG_ENABLE_MODULES = YES;
				CLANG_ENABLE_OBJC_ARC = YES;
				CLANG_ENABLE_OBJC_WEAK = YES;
				CLANG_WARN_BLOCK_CAPTURE_AUTORELEASING = YES;
				CLANG_WARN_BOOL_CONVERSION = YES;
				CLANG_WARN_COMMA = YES;
				CLANG_WARN_CONSTANT_CONVERSION = YES;
				CLANG_WARN_DEPRECATED_OBJC_IMPLEMENTATIONS = YES;
				CLANG_WARN_DIRECT_OBJC_ISA_USAGE = YES_ERROR;
				CLANG_WARN_DOCUMENTATION_COMMENTS = YES;
				CLANG_WARN_EMPTY_BODY = YES;
				CLANG_WARN_ENUM_CONVERSION = YES;
				CLANG_WARN_INFINITE_RECURSION = YES;
				CLANG_WARN_INT_CONVERSION = YES;
				CLANG_WARN_NON_LITERAL_NULL_CONVERSION = YES;
				CLANG_WARN_OBJC_IMPLICIT_RETAIN_SELF = YES;
				CLANG_WARN_OBJC_LITERAL_CONVERSION = YES;
				CLANG_WARN_OBJC_ROOT_CLASS = YES_ERROR;
				CLANG_WARN_QUOTED_INCLUDE_IN_FRAMEWORK_HEADER = YES;
				CLANG_WARN_RANGE_LOOP_ANALYSIS = YES;
				CLANG_WARN_STRICT_PROTOTYPES = YES;
				CLANG_WARN_SUSPICIOUS_MOVE = YES;
				CLANG_WARN_UNGUARDED_AVAILABILITY = YES_AGGRESSIVE;
				CLANG_WARN_UNREACHABLE_CODE = YES;
				CLANG_WARN__DUPLICATE_METHOD_MATCH = YES;
				COPY_PHASE_STRIP = NO;
				DEBUG_INFORMATION_FORMAT = dwarf;
				ENABLE_STRICT_OBJC_MSGSEND = YES;
				ENABLE_TESTABILITY = YES;
				GCC_C_LANGUAGE_STANDARD = gnu11;
				GCC_DYNAMIC_NO_PIC = NO;
				GCC_NO_COMMON_BLOCKS = YES;
				GCC_OPTIMIZATION_LEVEL = 0;
				GCC_PREPROCESSOR_DEFINITIONS = (
					"DEBUG=1",
					"$(inherited)",
				);
				GCC_WARN_64_TO_32_BIT_CONVERSION = YES;
				GCC_WARN_ABOUT_RETURN_TYPE = YES_ERROR;
				GCC_WARN_UNDECLARED_SELECTOR = YES;
				GCC_WARN_UNINITIALIZED_AUTOS = YES_AGGRESSIVE;
				GCC_WARN_UNUSED_FUNCTION = YES;
				GCC_WARN_UNUSED_VARIABLE = YES;
				IPHONEOS_DEPLOYMENT_TARGET = 16.0;
				MTL_ENABLE_DEBUG_INFO = INCLUDE_SOURCE;
				MTL_FAST_MATH = YES;
				ONLY_ACTIVE_ARCH = YES;
				SDKROOT = iphoneos;
				SWIFT_ACTIVE_COMPILATION_CONDITIONS = DEBUG;
				SWIFT_OPTIMIZATION_LEVEL = "-Onone";
			};
			name = Debug;
		};
		B270A14728E02CD8001614C3 /* Release */ = {
			isa = XCBuildConfiguration;
			buildSettings = {
				ALWAYS_SEARCH_USER_PATHS = NO;
				CLANG_ANALYZER_NONNULL = YES;
				CLANG_ANALYZER_NUMBER_OBJECT_CONVERSION = YES_AGGRESSIVE;
				CLANG_CXX_LANGUAGE_STANDARD = "gnu++20";
				CLANG_ENABLE_MODULES = YES;
				CLANG_ENABLE_OBJC_ARC = YES;
				CLANG_ENABLE_OBJC_WEAK = YES;
				CLANG_WARN_BLOCK_CAPTURE_AUTORELEASING = YES;
				CLANG_WARN_BOOL_CONVERSION = YES;
				CLANG_WARN_COMMA = YES;
				CLANG_WARN_CONSTANT_CONVERSION = YES;
				CLANG_WARN_DEPRECATED_OBJC_IMPLEMENTATIONS = YES;
				CLANG_WARN_DIRECT_OBJC_ISA_USAGE = YES_ERROR;
				CLANG_WARN_DOCUMENTATION_COMMENTS = YES;
				CLANG_WARN_EMPTY_BODY = YES;
				CLANG_WARN_ENUM_CONVERSION = YES;
				CLANG_WARN_INFINITE_RECURSION = YES;
				CLANG_WARN_INT_CONVERSION = YES;
				CLANG_WARN_NON_LITERAL_NULL_CONVERSION = YES;
				CLANG_WARN_OBJC_IMPLICIT_RETAIN_SELF = YES;
				CLANG_WARN_OBJC_LITERAL_CONVERSION = YES;
				CLANG_WARN_OBJC_ROOT_CLASS = YES_ERROR;
				CLANG_WARN_QUOTED_INCLUDE_IN_FRAMEWORK_HEADER = YES;
				CLANG_WARN_RANGE_LOOP_ANALYSIS = YES;
				CLANG_WARN_STRICT_PROTOTYPES = YES;
				CLANG_WARN_SUSPICIOUS_MOVE = YES;
				CLANG_WARN_UNGUARDED_AVAILABILITY = YES_AGGRESSIVE;
				CLANG_WARN_UNREACHABLE_CODE = YES;
				CLANG_WARN__DUPLICATE_METHOD_MATCH = YES;
				COPY_PHASE_STRIP = NO;
				DEBUG_INFORMATION_FORMAT = "dwarf-with-dsym";
				ENABLE_NS_ASSERTIONS = NO;
				ENABLE_STRICT_OBJC_MSGSEND = YES;
				GCC_C_LANGUAGE_STANDARD = gnu11;
				GCC_NO_COMMON_BLOCKS = YES;
				GCC_WARN_64_TO_32_BIT_CONVERSION = YES;
				GCC_WARN_ABOUT_RETURN_TYPE = YES_ERROR;
				GCC_WARN_UNDECLARED_SELECTOR = YES;
				GCC_WARN_UNINITIALIZED_AUTOS = YES_AGGRESSIVE;
				GCC_WARN_UNUSED_FUNCTION = YES;
				GCC_WARN_UNUSED_VARIABLE = YES;
				IPHONEOS_DEPLOYMENT_TARGET = 16.0;
				MTL_ENABLE_DEBUG_INFO = NO;
				MTL_FAST_MATH = YES;
				SDKROOT = iphoneos;
				SWIFT_COMPILATION_MODE = wholemodule;
				SWIFT_OPTIMIZATION_LEVEL = "-O";
				VALIDATE_PRODUCT = YES;
			};
			name = Release;
		};
		B270A14928E02CD8001614C3 /* Debug */ = {
			isa = XCBuildConfiguration;
			buildSettings = {
				ASSETCATALOG_COMPILER_APPICON_NAME = AppIcon;
				ASSETCATALOG_COMPILER_GLOBAL_ACCENT_COLOR_NAME = AccentColor;
				CODE_SIGN_STYLE = Automatic;
				CURRENT_PROJECT_VERSION = 1;
				DEVELOPMENT_TEAM = GLFU2BVG54;
				GENERATE_INFOPLIST_FILE = YES;
				INFOPLIST_FILE = Storyboard/Info.plist;
				INFOPLIST_KEY_UIApplicationSupportsIndirectInputEvents = YES;
				INFOPLIST_KEY_UILaunchStoryboardName = LaunchScreen;
				INFOPLIST_KEY_UIMainStoryboardFile = Main;
				INFOPLIST_KEY_UISupportedInterfaceOrientations_iPad = "UIInterfaceOrientationPortrait UIInterfaceOrientationPortraitUpsideDown UIInterfaceOrientationLandscapeLeft UIInterfaceOrientationLandscapeRight";
				INFOPLIST_KEY_UISupportedInterfaceOrientations_iPhone = "UIInterfaceOrientationPortrait UIInterfaceOrientationLandscapeLeft UIInterfaceOrientationLandscapeRight";
				LD_RUNPATH_SEARCH_PATHS = (
					"$(inherited)",
					"@executable_path/Frameworks",
				);
				MARKETING_VERSION = 1.0;
				PRODUCT_BUNDLE_IDENTIFIER = Apple.Storyboard;
				PRODUCT_NAME = "$(TARGET_NAME)";
				SWIFT_EMIT_LOC_STRINGS = YES;
				SWIFT_VERSION = 5.0;
				TARGETED_DEVICE_FAMILY = "1,2";
			};
			name = Debug;
		};
		B270A14A28E02CD8001614C3 /* Release */ = {
			isa = XCBuildConfiguration;
			buildSettings = {
				ASSETCATALOG_COMPILER_APPICON_NAME = AppIcon;
				ASSETCATALOG_COMPILER_GLOBAL_ACCENT_COLOR_NAME = AccentColor;
				CODE_SIGN_STYLE = Automatic;
				CURRENT_PROJECT_VERSION = 1;
				DEVELOPMENT_TEAM = GLFU2BVG54;
				GENERATE_INFOPLIST_FILE = YES;
				INFOPLIST_FILE = Storyboard/Info.plist;
				INFOPLIST_KEY_UIApplicationSupportsIndirectInputEvents = YES;
				INFOPLIST_KEY_UILaunchStoryboardName = LaunchScreen;
				INFOPLIST_KEY_UIMainStoryboardFile = Main;
				INFOPLIST_KEY_UISupportedInterfaceOrientations_iPad = "UIInterfaceOrientationPortrait UIInterfaceOrientationPortraitUpsideDown UIInterfaceOrientationLandscapeLeft UIInterfaceOrientationLandscapeRight";
				INFOPLIST_KEY_UISupportedInterfaceOrientations_iPhone = "UIInterfaceOrientationPortrait UIInterfaceOrientationLandscapeLeft UIInterfaceOrientationLandscapeRight";
				LD_RUNPATH_SEARCH_PATHS = (
					"$(inherited)",
					"@executable_path/Frameworks",
				);
				MARKETING_VERSION = 1.0;
				PRODUCT_BUNDLE_IDENTIFIER = Apple.Storyboard;
				PRODUCT_NAME = "$(TARGET_NAME)";
				SWIFT_EMIT_LOC_STRINGS = YES;
				SWIFT_VERSION = 5.0;
				TARGETED_DEVICE_FAMILY = "1,2";
			};
			name = Release;
		};
		B270A14C28E02CD8001614C3 /* Debug */ = {
			isa = XCBuildConfiguration;
			buildSettings = {
				ALWAYS_EMBED_SWIFT_STANDARD_LIBRARIES = YES;
				BUNDLE_LOADER = "$(TEST_HOST)";
				CODE_SIGN_STYLE = Automatic;
				CURRENT_PROJECT_VERSION = 1;
				DEVELOPMENT_TEAM = GLFU2BVG54;
				GENERATE_INFOPLIST_FILE = YES;
				IPHONEOS_DEPLOYMENT_TARGET = 16.0;
				MARKETING_VERSION = 1.0;
				PRODUCT_BUNDLE_IDENTIFIER = Apple.StoryboardTests;
				PRODUCT_NAME = "$(TARGET_NAME)";
				SWIFT_EMIT_LOC_STRINGS = NO;
				SWIFT_VERSION = 5.0;
				TARGETED_DEVICE_FAMILY = "1,2";
				TEST_HOST = "$(BUILT_PRODUCTS_DIR)/Storyboard.app/$(BUNDLE_EXECUTABLE_FOLDER_PATH)/Storyboard";
			};
			name = Debug;
		};
		B270A14D28E02CD8001614C3 /* Release */ = {
			isa = XCBuildConfiguration;
			buildSettings = {
				ALWAYS_EMBED_SWIFT_STANDARD_LIBRARIES = YES;
				BUNDLE_LOADER = "$(TEST_HOST)";
				CODE_SIGN_STYLE = Automatic;
				CURRENT_PROJECT_VERSION = 1;
				DEVELOPMENT_TEAM = GLFU2BVG54;
				GENERATE_INFOPLIST_FILE = YES;
				IPHONEOS_DEPLOYMENT_TARGET = 16.0;
				MARKETING_VERSION = 1.0;
				PRODUCT_BUNDLE_IDENTIFIER = Apple.StoryboardTests;
				PRODUCT_NAME = "$(TARGET_NAME)";
				SWIFT_EMIT_LOC_STRINGS = NO;
				SWIFT_VERSION = 5.0;
				TARGETED_DEVICE_FAMILY = "1,2";
				TEST_HOST = "$(BUILT_PRODUCTS_DIR)/Storyboard.app/$(BUNDLE_EXECUTABLE_FOLDER_PATH)/Storyboard";
			};
			name = Release;
		};
		B270A14F28E02CD8001614C3 /* Debug */ = {
			isa = XCBuildConfiguration;
			buildSettings = {
				ALWAYS_EMBED_SWIFT_STANDARD_LIBRARIES = YES;
				CODE_SIGN_STYLE = Automatic;
				CURRENT_PROJECT_VERSION = 1;
				DEVELOPMENT_TEAM = GLFU2BVG54;
				GENERATE_INFOPLIST_FILE = YES;
				MARKETING_VERSION = 1.0;
				PRODUCT_BUNDLE_IDENTIFIER = Apple.StoryboardUITests;
				PRODUCT_NAME = "$(TARGET_NAME)";
				SWIFT_EMIT_LOC_STRINGS = NO;
				SWIFT_VERSION = 5.0;
				TARGETED_DEVICE_FAMILY = "1,2";
				TEST_TARGET_NAME = Storyboard;
			};
			name = Debug;
		};
		B270A15028E02CD8001614C3 /* Release */ = {
			isa = XCBuildConfiguration;
			buildSettings = {
				ALWAYS_EMBED_SWIFT_STANDARD_LIBRARIES = YES;
				CODE_SIGN_STYLE = Automatic;
				CURRENT_PROJECT_VERSION = 1;
				DEVELOPMENT_TEAM = GLFU2BVG54;
				GENERATE_INFOPLIST_FILE = YES;
				MARKETING_VERSION = 1.0;
				PRODUCT_BUNDLE_IDENTIFIER = Apple.StoryboardUITests;
				PRODUCT_NAME = "$(TARGET_NAME)";
				SWIFT_EMIT_LOC_STRINGS = NO;
				SWIFT_VERSION = 5.0;
				TARGETED_DEVICE_FAMILY = "1,2";
				TEST_TARGET_NAME = Storyboard;
			};
			name = Release;
		};
/* End XCBuildConfiguration section */

/* Begin XCConfigurationList section */
		B270A11928E02CD6001614C3 /* Build configuration list for PBXProject "Storyboard" */ = {
			isa = XCConfigurationList;
			buildConfigurations = (
				B270A14628E02CD8001614C3 /* Debug */,
				B270A14728E02CD8001614C3 /* Release */,
			);
			defaultConfigurationIsVisible = 0;
			defaultConfigurationName = Release;
		};
		B270A14828E02CD8001614C3 /* Build configuration list for PBXNativeTarget "Storyboard" */ = {
			isa = XCConfigurationList;
			buildConfigurations = (
				B270A14928E02CD8001614C3 /* Debug */,
				B270A14A28E02CD8001614C3 /* Release */,
			);
			defaultConfigurationIsVisible = 0;
			defaultConfigurationName = Release;
		};
		B270A14B28E02CD8001614C3 /* Build configuration list for PBXNativeTarget "StoryboardTests" */ = {
			isa = XCConfigurationList;
			buildConfigurations = (
				B270A14C28E02CD8001614C3 /* Debug */,
				B270A14D28E02CD8001614C3 /* Release */,
			);
			defaultConfigurationIsVisible = 0;
			defaultConfigurationName = Release;
		};
		B270A14E28E02CD8001614C3 /* Build configuration list for PBXNativeTarget "StoryboardUITests" */ = {
			isa = XCConfigurationList;
			buildConfigurations = (
				B270A14F28E02CD8001614C3 /* Debug */,
				B270A15028E02CD8001614C3 /* Release */,
			);
			defaultConfigurationIsVisible = 0;
			defaultConfigurationName = Release;
		};
/* End XCConfigurationList section */
	};
	rootObject = B270A11628E02CD6001614C3 /* Project object */;
}
